<?xml version="1.0" encoding="utf-8"?>
<Project ToolsVersion="4.0" xmlns="http://schemas.microsoft.com/developer/msbuild/2003">
  <ItemGroup>
    <Filter Include="Generated Files">
      <UniqueIdentifier>{71ED8ED8-ACB9-4CE9-BBE1-E00B30144E11}</UniqueIdentifier>
      <Extensions>cpp;c;cxx;moc;h;def;odl;idl;res;</Extensions>
    </Filter>
    <Filter Include="Generated Files">
      <UniqueIdentifier>{71ED8ED8-ACB9-4CE9-BBE1-E00B30144E11}</UniqueIdentifier>
      <Extensions>cpp;c;cxx;moc;h;def;odl;idl;res;</Extensions>
    </Filter>
    <Filter Include="Header Files">
      <UniqueIdentifier>{93995380-89BD-4b04-88EB-625FBE52EBFB}</UniqueIdentifier>
      <Extensions>h;hpp;hxx;hm;inl;inc;xsd</Extensions>
    </Filter>
    <Filter Include="Header Files">
      <UniqueIdentifier>{93995380-89BD-4b04-88EB-625FBE52EBFB}</UniqueIdentifier>
      <Extensions>h;hpp;hxx;hm;inl;inc;xsd</Extensions>
    </Filter>
    <Filter Include="Resource Files">
      <UniqueIdentifier>{D9D6E242-F8AF-46E4-B9FD-80ECBC20BA3E}</UniqueIdentifier>
      <Extensions>qrc;*</Extensions>
      <ParseFiles>false</ParseFiles>
    </Filter>
    <Filter Include="Resource Files">
      <UniqueIdentifier>{D9D6E242-F8AF-46E4-B9FD-80ECBC20BA3E}</UniqueIdentifier>
      <Extensions>qrc;*</Extensions>
      <ParseFiles>false</ParseFiles>
    </Filter>
    <Filter Include="Source Files">
      <UniqueIdentifier>{4FC737F1-C7A5-4376-A066-2A32D752A2FF}</UniqueIdentifier>
      <Extensions>cpp;c;cxx;def;odl;idl;hpj;bat;asm;asmx</Extensions>
    </Filter>
    <Filter Include="Source Files">
      <UniqueIdentifier>{4FC737F1-C7A5-4376-A066-2A32D752A2FF}</UniqueIdentifier>
      <Extensions>cpp;c;cxx;def;odl;idl;hpj;bat;asm;asmx</Extensions>
    </Filter>
    <Filter Include="Translation Files">
      <UniqueIdentifier>{639EADAA-A684-42e4-A9AD-28FC9BCB8F7C}</UniqueIdentifier>
      <Extensions>ts;xlf</Extensions>
      <ParseFiles>false</ParseFiles>
    </Filter>
    <Filter Include="Translation Files">
      <UniqueIdentifier>{639EADAA-A684-42e4-A9AD-28FC9BCB8F7C}</UniqueIdentifier>
      <Extensions>ts;xlf</Extensions>
      <ParseFiles>false</ParseFiles>
    </Filter>
    <Filter Include="Generated Files\Debug">
      <UniqueIdentifier>{8bd33c18-1ac8-4a95-bfd0-fd2d65e280f3}</UniqueIdentifier>
      <Extensions>cpp;moc</Extensions>
      <SourceControlFiles>False</SourceControlFiles>
    </Filter>
    <Filter Include="Generated Files\Release">
      <UniqueIdentifier>{1a297e0f-a9dd-45d1-bef9-831ae8c80342}</UniqueIdentifier>
      <Extensions>cpp;moc</Extensions>
      <SourceControlFiles>False</SourceControlFiles>
    </Filter>
  </ItemGroup>
  <ItemGroup>
    <ClCompile Include="src\ui\dialogs\AboutDialog.cpp">
      <Filter>Source Files</Filter>
    </ClCompile>
    <ClCompile Include="src\ui\panel_model\scenes\AbstractItem.cpp">
      <Filter>Source Files</Filter>
    </ClCompile>
    <ClCompile Include="src\ui\panel_model\scenes\AbstractScene.cpp">
      <Filter>Source Files</Filter>
    </ClCompile>
    <ClCompile Include="src\AppSettings.cpp">
      <Filter>Source Files</Filter>
    </ClCompile>
    <ClCompile Include="src\ui\dialogs\AppSettingsDialog.cpp">
      <Filter>Source Files</Filter>
    </ClCompile>
    <ClCompile Include="src\ui\panel_model\scenes\ArrowItem.cpp">
      <Filter>Source Files</Filter>
    </ClCompile>
    <ClCompile Include="src\ui\panel_model\scenes\ArrowTmpItem.cpp">
      <Filter>Source Files</Filter>
    </ClCompile>
    <ClCompile Include="src\ui\graphs\AxisTool.cpp">
      <Filter>Source Files</Filter>
    </ClCompile>
    <ClCompile Include="src\ui\widgets\Button.cpp">
      <Filter>Source Files</Filter>
    </ClCompile>
    <ClCompile Include="src\plugins\CalibrationCurve.cpp">
      <Filter>Source Files</Filter>
    </ClCompile>
    <ClCompile Include="src\ui\panel_model\data\CalibrationDrawing.cpp">
      <Filter>Source Files</Filter>
    </ClCompile>
    <ClCompile Include="src\ui\panel_model\data\CalibrationView.cpp">
      <Filter>Source Files</Filter>
    </ClCompile>
    <ClCompile Include="src\ui\widgets\CheckBox.cpp">
      <Filter>Source Files</Filter>
    </ClCompile>
    <ClCompile Include="src\ChronoApp.cpp">
      <Filter>Source Files</Filter>
    </ClCompile>
    <ClCompile Include="src\ui\widgets\Collapsible.cpp">
      <Filter>Source Files</Filter>
    </ClCompile>
    <ClCompile Include="src\ui\widgets\ColorPicker.cpp">
      <Filter>Source Files</Filter>
    </ClCompile>
    <ClCompile Include="src\model\Constraint.cpp">
      <Filter>Source Files</Filter>
    </ClCompile>
    <ClCompile Include="src\ui\dialogs\ConstraintDialog.cpp">
      <Filter>Source Files</Filter>
    </ClCompile>
    <ClCompile Include="src\model\Date.cpp">
      <Filter>Source Files</Filter>
    </ClCompile>
    <ClCompile Include="src\ui\dialogs\DateDialog.cpp">
      <Filter>Source Files</Filter>
    </ClCompile>
    <ClCompile Include="src\ui\panel_model\scenes\DateItem.cpp">
      <Filter>Source Files</Filter>
    </ClCompile>
    <ClCompile Include="src\utilities\DateUtils.cpp">
      <Filter>Source Files</Filter>
    </ClCompile>
    <ClCompile Include="src\ui\panel_model\data\DatesList.cpp">
      <Filter>Source Files</Filter>
    </ClCompile>
    <ClCompile Include="src\utilities\DoubleValidator.cpp">
      <Filter>Source Files</Filter>
    </ClCompile>
    <ClCompile Include="src\model\Event.cpp">
      <Filter>Source Files</Filter>
    </ClCompile>
    <ClCompile Include="src\model\EventConstraint.cpp">
      <Filter>Source Files</Filter>
    </ClCompile>
    <ClCompile Include="src\ui\dialogs\EventDialog.cpp">
      <Filter>Source Files</Filter>
    </ClCompile>
    <ClCompile Include="src\ui\panel_model\scenes\EventItem.cpp">
      <Filter>Source Files</Filter>
    </ClCompile>
    <ClCompile Include="src\model\EventKnown.cpp">
      <Filter>Source Files</Filter>
    </ClCompile>
    <ClCompile Include="src\ui\panel_model\scenes\EventKnownItem.cpp">
      <Filter>Source Files</Filter>
    </ClCompile>
    <ClCompile Include="src\ui\panel_model\EventPropertiesView.cpp">
      <Filter>Source Files</Filter>
    </ClCompile>
    <ClCompile Include="src\ui\panel_model\scenes\EventsScene.cpp">
      <Filter>Source Files</Filter>
    </ClCompile>
    <ClCompile Include="src\mcmc\Functions.cpp">
      <Filter>Source Files</Filter>
    </ClCompile>
    <ClCompile Include="src\mcmc\Generator.cpp">
      <Filter>Source Files</Filter>
    </ClCompile>
    <ClCompile Include="src\ui\graphs\GraphCurve.cpp">
      <Filter>Source Files</Filter>
    </ClCompile>
    <ClCompile Include="src\ui\graphs\GraphView.cpp">
      <Filter>Source Files</Filter>
    </ClCompile>
    <ClCompile Include="src\ui\graphs\GraphViewAbstract.cpp">
      <Filter>Source Files</Filter>
    </ClCompile>
    <ClCompile Include="src\ui\panel_results\GraphViewDate.cpp">
      <Filter>Source Files</Filter>
    </ClCompile>
    <ClCompile Include="src\ui\panel_results\GraphViewEvent.cpp">
      <Filter>Source Files</Filter>
    </ClCompile>
    <ClCompile Include="src\ui\panel_results\GraphViewPhase.cpp">
      <Filter>Source Files</Filter>
    </ClCompile>
    <ClCompile Include="src\ui\panel_results\GraphViewResults.cpp">
      <Filter>Source Files</Filter>
    </ClCompile>
    <ClCompile Include="src\ui\graphs\GraphZone.cpp">
      <Filter>Source Files</Filter>
    </ClCompile>
    <ClCompile Include="src\ui\widgets\GroupBox.cpp">
      <Filter>Source Files</Filter>
    </ClCompile>
    <ClCompile Include="src\ui\widgets\HelpWidget.cpp">
      <Filter>Source Files</Filter>
    </ClCompile>
    <ClCompile Include="src\ui\panel_model\ImportDataView.cpp">
      <Filter>Source Files</Filter>
    </ClCompile>
    <ClCompile Include="src\ui\widgets\Label.cpp">
      <Filter>Source Files</Filter>
    </ClCompile>
    <ClCompile Include="src\ui\widgets\LineEdit.cpp">
      <Filter>Source Files</Filter>
    </ClCompile>
    <ClCompile Include="src\mcmc\MCMCLoop.cpp">
      <Filter>Source Files</Filter>
    </ClCompile>
    <ClCompile Include="src\mcmc\MCMCLoopMain.cpp">
      <Filter>Source Files</Filter>
    </ClCompile>
    <ClCompile Include="src\ui\dialogs\MCMCProgressDialog.cpp">
      <Filter>Source Files</Filter>
    </ClCompile>
    <ClCompile Include="src\mcmc\MCMCSettings.cpp">
      <Filter>Source Files</Filter>
    </ClCompile>
    <ClCompile Include="src\ui\dialogs\MCMCSettingsDialog.cpp">
      <Filter>Source Files</Filter>
    </ClCompile>
    <ClCompile Include="src\mcmc\MHVariable.cpp">
      <Filter>Source Files</Filter>
    </ClCompile>
    <ClCompile Include="src\MainController.cpp">
      <Filter>Source Files</Filter>
    </ClCompile>
    <ClCompile Include="src\ui\window\MainWindow.cpp">
      <Filter>Source Files</Filter>
    </ClCompile>
    <ClCompile Include="src\ui\widgets\Marker.cpp">
      <Filter>Source Files</Filter>
    </ClCompile>
    <ClCompile Include="src\mcmc\MetropolisVariable.cpp">
      <Filter>Source Files</Filter>
    </ClCompile>
    <ClCompile Include="src\model\Model.cpp">
      <Filter>Source Files</Filter>
    </ClCompile>
    <ClCompile Include="src\model\ModelUtilities.cpp">
      <Filter>Source Files</Filter>
    </ClCompile>
    <ClCompile Include="src\ui\panel_model\ModelView.cpp">
      <Filter>Source Files</Filter>
    </ClCompile>
    <ClCompile Include="src\ui\lookandfeel\Painting.cpp">
      <Filter>Source Files</Filter>
    </ClCompile>
    <ClCompile Include="src\model\Phase.cpp">
      <Filter>Source Files</Filter>
    </ClCompile>
    <ClCompile Include="src\model\PhaseConstraint.cpp">
      <Filter>Source Files</Filter>
    </ClCompile>
    <ClCompile Include="src\ui\dialogs\PhaseDialog.cpp">
      <Filter>Source Files</Filter>
    </ClCompile>
    <ClCompile Include="src\ui\panel_model\scenes\PhaseItem.cpp">
      <Filter>Source Files</Filter>
    </ClCompile>
    <ClCompile Include="src\ui\panel_model\scenes\PhasesScene.cpp">
      <Filter>Source Files</Filter>
    </ClCompile>
    <ClCompile Include="src\plugins\plugin_14C\Plugin14C.cpp">
      <Filter>Source Files</Filter>
    </ClCompile>
    <ClCompile Include="src\plugins\plugin_14C\Plugin14CForm.cpp">
      <Filter>Source Files</Filter>
    </ClCompile>
    <ClCompile Include="src\plugins\plugin_14C\Plugin14CRefView.cpp">
      <Filter>Source Files</Filter>
    </ClCompile>
    <ClCompile Include="src\plugins\plugin_14C\Plugin14CSettingsView.cpp">
      <Filter>Source Files</Filter>
    </ClCompile>
    <ClCompile Include="src\plugins\plugin_gauss\PluginGauss.cpp">
      <Filter>Source Files</Filter>
    </ClCompile>
    <ClCompile Include="src\plugins\plugin_gauss\PluginGaussForm.cpp">
      <Filter>Source Files</Filter>
    </ClCompile>
    <ClCompile Include="src\plugins\plugin_gauss\PluginGaussRefView.cpp">
      <Filter>Source Files</Filter>
    </ClCompile>
    <ClCompile Include="src\plugins\plugin_gauss\PluginGaussSettingsView.cpp">
      <Filter>Source Files</Filter>
    </ClCompile>
    <ClCompile Include="src\plugins\plugin_am\PluginMag.cpp">
      <Filter>Source Files</Filter>
    </ClCompile>
    <ClCompile Include="src\plugins\plugin_am\PluginMagForm.cpp">
      <Filter>Source Files</Filter>
    </ClCompile>
    <ClCompile Include="src\plugins\plugin_am\PluginMagRefView.cpp">
      <Filter>Source Files</Filter>
    </ClCompile>
    <ClCompile Include="src\plugins\plugin_am\PluginMagSettingsView.cpp">
      <Filter>Source Files</Filter>
    </ClCompile>
    <ClCompile Include="src\project\PluginManager.cpp">
      <Filter>Source Files</Filter>
    </ClCompile>
    <ClCompile Include="src\ui\dialogs\PluginOptionsDialog.cpp">
      <Filter>Source Files</Filter>
    </ClCompile>
    <ClCompile Include="src\plugins\PluginRefCurveSettingsView.cpp">
      <Filter>Source Files</Filter>
    </ClCompile>
    <ClCompile Include="src\plugins\plugin_tl\PluginTL.cpp">
      <Filter>Source Files</Filter>
    </ClCompile>
    <ClCompile Include="src\plugins\plugin_tl\PluginTLForm.cpp">
      <Filter>Source Files</Filter>
    </ClCompile>
    <ClCompile Include="src\plugins\plugin_tl\PluginTLRefView.cpp">
      <Filter>Source Files</Filter>
    </ClCompile>
    <ClCompile Include="src\plugins\plugin_tl\PluginTLSettingsView.cpp">
      <Filter>Source Files</Filter>
    </ClCompile>
    <ClCompile Include="src\plugins\plugin_uniform\PluginUniform.cpp">
      <Filter>Source Files</Filter>
    </ClCompile>
    <ClCompile Include="src\plugins\plugin_uniform\PluginUniformForm.cpp">
      <Filter>Source Files</Filter>
    </ClCompile>
    <ClCompile Include="src\project\Project.cpp">
      <Filter>Source Files</Filter>
    </ClCompile>
    <ClCompile Include="src\project\ProjectSettings.cpp">
      <Filter>Source Files</Filter>
    </ClCompile>
    <ClCompile Include="src\ui\window\ProjectView.cpp">
      <Filter>Source Files</Filter>
    </ClCompile>
    <ClCompile Include="src\utilities\QtUtilities.cpp">
      <Filter>Source Files</Filter>
    </ClCompile>
    <ClCompile Include="src\ui\widgets\RadioButton.cpp">
      <Filter>Source Files</Filter>
    </ClCompile>
    <ClCompile Include="src\plugins\RefCurve.cpp">
      <Filter>Source Files</Filter>
    </ClCompile>
    <ClCompile Include="src\ui\panel_results\ResultsView.cpp">
      <Filter>Source Files</Filter>
    </ClCompile>
    <ClCompile Include="src\ui\graphs\Ruler.cpp">
      <Filter>Source Files</Filter>
    </ClCompile>
    <ClCompile Include="src\ui\panel_model\SceneGlobalView.cpp">
      <Filter>Source Files</Filter>
    </ClCompile>
    <ClCompile Include="src\ui\widgets\ScrollCompressor.cpp">
      <Filter>Source Files</Filter>
    </ClCompile>
    <ClCompile Include="src\project\SetProjectState.cpp">
      <Filter>Source Files</Filter>
    </ClCompile>
    <ClCompile Include="src\project\StateEvent.cpp">
      <Filter>Source Files</Filter>
    </ClCompile>
    <ClCompile Include="src\utilities\StdUtilities.cpp">
      <Filter>Source Files</Filter>
    </ClCompile>
    <ClCompile Include="src\ui\dialogs\StudyPeriodDialog.cpp">
      <Filter>Source Files</Filter>
    </ClCompile>
    <ClCompile Include="src\ui\widgets\Tabs.cpp">
      <Filter>Source Files</Filter>
    </ClCompile>
    <ClCompile Include="src\ui\dialogs\TrashDialog.cpp">
      <Filter>Source Files</Filter>
    </ClCompile>
    <ClCompile Include="src\ui\widgets\ZoomControls.cpp">
      <Filter>Source Files</Filter>
    </ClCompile>
    <ClCompile Include="src\main.cpp">
      <Filter>Source Files</Filter>
    </ClCompile>
    <ClCompile Include="build\Debug\moc\moc_AboutDialog.cpp">
      <Filter>Generated Files\Debug</Filter>
    </ClCompile>
    <ClCompile Include="build\Release\moc\moc_AboutDialog.cpp">
      <Filter>Generated Files\Release</Filter>
    </ClCompile>
    <ClCompile Include="build\Debug\moc\moc_AbstractScene.cpp">
      <Filter>Generated Files\Debug</Filter>
    </ClCompile>
    <ClCompile Include="build\Release\moc\moc_AbstractScene.cpp">
      <Filter>Generated Files\Release</Filter>
    </ClCompile>
    <ClCompile Include="build\Debug\moc\moc_AppSettingsDialog.cpp">
      <Filter>Generated Files\Debug</Filter>
    </ClCompile>
    <ClCompile Include="build\Release\moc\moc_AppSettingsDialog.cpp">
      <Filter>Generated Files\Release</Filter>
    </ClCompile>
    <ClCompile Include="build\Debug\moc\moc_AppSettingsDialogItemDelegate.cpp">
      <Filter>Generated Files\Debug</Filter>
    </ClCompile>
    <ClCompile Include="build\Release\moc\moc_AppSettingsDialogItemDelegate.cpp">
      <Filter>Generated Files\Release</Filter>
    </ClCompile>
    <ClCompile Include="build\Debug\moc\moc_Button.cpp">
      <Filter>Generated Files\Debug</Filter>
    </ClCompile>
    <ClCompile Include="build\Release\moc\moc_Button.cpp">
      <Filter>Generated Files\Release</Filter>
    </ClCompile>
    <ClCompile Include="build\Debug\moc\moc_CalibrationDrawing.cpp">
      <Filter>Generated Files\Debug</Filter>
    </ClCompile>
    <ClCompile Include="build\Release\moc\moc_CalibrationDrawing.cpp">
      <Filter>Generated Files\Release</Filter>
    </ClCompile>
    <ClCompile Include="build\Debug\moc\moc_CalibrationView.cpp">
      <Filter>Generated Files\Debug</Filter>
    </ClCompile>
    <ClCompile Include="build\Release\moc\moc_CalibrationView.cpp">
      <Filter>Generated Files\Release</Filter>
    </ClCompile>
    <ClCompile Include="build\Debug\moc\moc_CheckBox.cpp">
      <Filter>Generated Files\Debug</Filter>
    </ClCompile>
    <ClCompile Include="build\Release\moc\moc_CheckBox.cpp">
      <Filter>Generated Files\Release</Filter>
    </ClCompile>
    <ClCompile Include="build\Debug\moc\moc_Collapsible.cpp">
      <Filter>Generated Files\Debug</Filter>
    </ClCompile>
    <ClCompile Include="build\Release\moc\moc_Collapsible.cpp">
      <Filter>Generated Files\Release</Filter>
    </ClCompile>
    <ClCompile Include="build\Debug\moc\moc_ColorPicker.cpp">
      <Filter>Generated Files\Debug</Filter>
    </ClCompile>
    <ClCompile Include="build\Release\moc\moc_ColorPicker.cpp">
      <Filter>Generated Files\Release</Filter>
    </ClCompile>
    <ClCompile Include="build\Debug\moc\moc_ConstraintDialog.cpp">
      <Filter>Generated Files\Debug</Filter>
    </ClCompile>
    <ClCompile Include="build\Release\moc\moc_ConstraintDialog.cpp">
      <Filter>Generated Files\Release</Filter>
    </ClCompile>
    <ClCompile Include="build\Debug\moc\moc_DateDialog.cpp">
      <Filter>Generated Files\Debug</Filter>
    </ClCompile>
    <ClCompile Include="build\Release\moc\moc_DateDialog.cpp">
      <Filter>Generated Files\Release</Filter>
    </ClCompile>
    <ClCompile Include="build\Debug\moc\moc_DateItem.cpp">
      <Filter>Generated Files\Debug</Filter>
    </ClCompile>
    <ClCompile Include="build\Release\moc\moc_DateItem.cpp">
      <Filter>Generated Files\Release</Filter>
    </ClCompile>
    <ClCompile Include="build\Debug\moc\moc_DatesList.cpp">
      <Filter>Generated Files\Debug</Filter>
    </ClCompile>
    <ClCompile Include="build\Release\moc\moc_DatesList.cpp">
      <Filter>Generated Files\Release</Filter>
    </ClCompile>
    <ClCompile Include="build\Debug\moc\moc_DatesListItemDelegate.cpp">
      <Filter>Generated Files\Debug</Filter>
    </ClCompile>
    <ClCompile Include="build\Release\moc\moc_DatesListItemDelegate.cpp">
      <Filter>Generated Files\Release</Filter>
    </ClCompile>
    <ClCompile Include="build\Debug\moc\moc_EventDialog.cpp">
      <Filter>Generated Files\Debug</Filter>
    </ClCompile>
    <ClCompile Include="build\Release\moc\moc_EventDialog.cpp">
      <Filter>Generated Files\Release</Filter>
    </ClCompile>
    <ClCompile Include="build\Debug\moc\moc_EventPropertiesView.cpp">
      <Filter>Generated Files\Debug</Filter>
    </ClCompile>
    <ClCompile Include="build\Release\moc\moc_EventPropertiesView.cpp">
      <Filter>Generated Files\Release</Filter>
    </ClCompile>
    <ClCompile Include="build\Debug\moc\moc_EventsListItemDelegate.cpp">
      <Filter>Generated Files\Debug</Filter>
    </ClCompile>
    <ClCompile Include="build\Release\moc\moc_EventsListItemDelegate.cpp">
      <Filter>Generated Files\Release</Filter>
    </ClCompile>
    <ClCompile Include="build\Debug\moc\moc_EventsScene.cpp">
      <Filter>Generated Files\Debug</Filter>
    </ClCompile>
    <ClCompile Include="build\Release\moc\moc_EventsScene.cpp">
      <Filter>Generated Files\Release</Filter>
    </ClCompile>
    <ClCompile Include="build\Debug\moc\moc_GraphView.cpp">
      <Filter>Generated Files\Debug</Filter>
    </ClCompile>
    <ClCompile Include="build\Release\moc\moc_GraphView.cpp">
      <Filter>Generated Files\Release</Filter>
    </ClCompile>
    <ClCompile Include="build\Debug\moc\moc_GraphViewDate.cpp">
      <Filter>Generated Files\Debug</Filter>
    </ClCompile>
    <ClCompile Include="build\Release\moc\moc_GraphViewDate.cpp">
      <Filter>Generated Files\Release</Filter>
    </ClCompile>
    <ClCompile Include="build\Debug\moc\moc_GraphViewEvent.cpp">
      <Filter>Generated Files\Debug</Filter>
    </ClCompile>
    <ClCompile Include="build\Release\moc\moc_GraphViewEvent.cpp">
      <Filter>Generated Files\Release</Filter>
    </ClCompile>
    <ClCompile Include="build\Debug\moc\moc_GraphViewPhase.cpp">
      <Filter>Generated Files\Debug</Filter>
    </ClCompile>
    <ClCompile Include="build\Release\moc\moc_GraphViewPhase.cpp">
      <Filter>Generated Files\Release</Filter>
    </ClCompile>
    <ClCompile Include="build\Debug\moc\moc_GraphViewRefAbstract.cpp">
      <Filter>Generated Files\Debug</Filter>
    </ClCompile>
    <ClCompile Include="build\Release\moc\moc_GraphViewRefAbstract.cpp">
      <Filter>Generated Files\Release</Filter>
    </ClCompile>
    <ClCompile Include="build\Debug\moc\moc_GraphViewResults.cpp">
      <Filter>Generated Files\Debug</Filter>
    </ClCompile>
    <ClCompile Include="build\Release\moc\moc_GraphViewResults.cpp">
      <Filter>Generated Files\Release</Filter>
    </ClCompile>
    <ClCompile Include="build\Debug\moc\moc_GroupBox.cpp">
      <Filter>Generated Files\Debug</Filter>
    </ClCompile>
    <ClCompile Include="build\Release\moc\moc_GroupBox.cpp">
      <Filter>Generated Files\Release</Filter>
    </ClCompile>
    <ClCompile Include="build\Debug\moc\moc_HelpWidget.cpp">
      <Filter>Generated Files\Debug</Filter>
    </ClCompile>
    <ClCompile Include="build\Release\moc\moc_HelpWidget.cpp">
      <Filter>Generated Files\Release</Filter>
    </ClCompile>
    <ClCompile Include="build\Debug\moc\moc_ImportDataView.cpp">
      <Filter>Generated Files\Debug</Filter>
    </ClCompile>
    <ClCompile Include="build\Release\moc\moc_ImportDataView.cpp">
      <Filter>Generated Files\Release</Filter>
    </ClCompile>
    <ClCompile Include="build\Debug\moc\moc_Label.cpp">
      <Filter>Generated Files\Debug</Filter>
    </ClCompile>
    <ClCompile Include="build\Release\moc\moc_Label.cpp">
      <Filter>Generated Files\Release</Filter>
    </ClCompile>
    <ClCompile Include="build\Debug\moc\moc_LineEdit.cpp">
      <Filter>Generated Files\Debug</Filter>
    </ClCompile>
    <ClCompile Include="build\Release\moc\moc_LineEdit.cpp">
      <Filter>Generated Files\Release</Filter>
    </ClCompile>
    <ClCompile Include="build\Debug\moc\moc_MCMCLoop.cpp">
      <Filter>Generated Files\Debug</Filter>
    </ClCompile>
    <ClCompile Include="build\Release\moc\moc_MCMCLoop.cpp">
      <Filter>Generated Files\Release</Filter>
    </ClCompile>
    <ClCompile Include="build\Debug\moc\moc_MCMCLoopMain.cpp">
      <Filter>Generated Files\Debug</Filter>
    </ClCompile>
    <ClCompile Include="build\Release\moc\moc_MCMCLoopMain.cpp">
      <Filter>Generated Files\Release</Filter>
    </ClCompile>
    <ClCompile Include="build\Debug\moc\moc_MCMCProgressDialog.cpp">
      <Filter>Generated Files\Debug</Filter>
    </ClCompile>
    <ClCompile Include="build\Release\moc\moc_MCMCProgressDialog.cpp">
      <Filter>Generated Files\Release</Filter>
    </ClCompile>
    <ClCompile Include="build\Debug\moc\moc_MCMCSettingsDialog.cpp">
      <Filter>Generated Files\Debug</Filter>
    </ClCompile>
    <ClCompile Include="build\Release\moc\moc_MCMCSettingsDialog.cpp">
      <Filter>Generated Files\Release</Filter>
    </ClCompile>
    <ClCompile Include="build\Debug\moc\moc_MainWindow.cpp">
      <Filter>Generated Files\Debug</Filter>
    </ClCompile>
    <ClCompile Include="build\Release\moc\moc_MainWindow.cpp">
      <Filter>Generated Files\Release</Filter>
    </ClCompile>
    <ClCompile Include="build\Debug\moc\moc_Marker.cpp">
      <Filter>Generated Files\Debug</Filter>
    </ClCompile>
    <ClCompile Include="build\Release\moc\moc_Marker.cpp">
      <Filter>Generated Files\Release</Filter>
    </ClCompile>
    <ClCompile Include="build\Debug\moc\moc_MetropolisVariable.cpp">
      <Filter>Generated Files\Debug</Filter>
    </ClCompile>
    <ClCompile Include="build\Release\moc\moc_MetropolisVariable.cpp">
      <Filter>Generated Files\Release</Filter>
    </ClCompile>
    <ClCompile Include="build\Debug\moc\moc_Model.cpp">
      <Filter>Generated Files\Debug</Filter>
    </ClCompile>
    <ClCompile Include="build\Release\moc\moc_Model.cpp">
      <Filter>Generated Files\Release</Filter>
    </ClCompile>
    <ClCompile Include="build\Debug\moc\moc_ModelView.cpp">
      <Filter>Generated Files\Debug</Filter>
    </ClCompile>
    <ClCompile Include="build\Release\moc\moc_ModelView.cpp">
      <Filter>Generated Files\Release</Filter>
    </ClCompile>
    <ClCompile Include="build\Debug\moc\moc_PhaseDialog.cpp">
      <Filter>Generated Files\Debug</Filter>
    </ClCompile>
    <ClCompile Include="build\Release\moc\moc_PhaseDialog.cpp">
      <Filter>Generated Files\Release</Filter>
    </ClCompile>
    <ClCompile Include="build\Debug\moc\moc_PhaseItem.cpp">
      <Filter>Generated Files\Debug</Filter>
    </ClCompile>
    <ClCompile Include="build\Release\moc\moc_PhaseItem.cpp">
      <Filter>Generated Files\Release</Filter>
    </ClCompile>
    <ClCompile Include="build\Debug\moc\moc_PhasesScene.cpp">
      <Filter>Generated Files\Debug</Filter>
    </ClCompile>
    <ClCompile Include="build\Release\moc\moc_PhasesScene.cpp">
      <Filter>Generated Files\Release</Filter>
    </ClCompile>
    <ClCompile Include="build\Debug\moc\moc_Plugin14C.cpp">
      <Filter>Generated Files\Debug</Filter>
    </ClCompile>
    <ClCompile Include="build\Release\moc\moc_Plugin14C.cpp">
      <Filter>Generated Files\Release</Filter>
    </ClCompile>
    <ClCompile Include="build\Debug\moc\moc_Plugin14CForm.cpp">
      <Filter>Generated Files\Debug</Filter>
    </ClCompile>
    <ClCompile Include="build\Release\moc\moc_Plugin14CForm.cpp">
      <Filter>Generated Files\Release</Filter>
    </ClCompile>
    <ClCompile Include="build\Debug\moc\moc_Plugin14CRefView.cpp">
      <Filter>Generated Files\Debug</Filter>
    </ClCompile>
    <ClCompile Include="build\Release\moc\moc_Plugin14CRefView.cpp">
      <Filter>Generated Files\Release</Filter>
    </ClCompile>
    <ClCompile Include="build\Debug\moc\moc_Plugin14CSettingsView.cpp">
      <Filter>Generated Files\Debug</Filter>
    </ClCompile>
    <ClCompile Include="build\Release\moc\moc_Plugin14CSettingsView.cpp">
      <Filter>Generated Files\Release</Filter>
    </ClCompile>
    <ClCompile Include="build\Debug\moc\moc_PluginAbstract.cpp">
      <Filter>Generated Files\Debug</Filter>
    </ClCompile>
    <ClCompile Include="build\Release\moc\moc_PluginAbstract.cpp">
      <Filter>Generated Files\Release</Filter>
    </ClCompile>
    <ClCompile Include="build\Debug\moc\moc_PluginFormAbstract.cpp">
      <Filter>Generated Files\Debug</Filter>
    </ClCompile>
    <ClCompile Include="build\Release\moc\moc_PluginFormAbstract.cpp">
      <Filter>Generated Files\Release</Filter>
    </ClCompile>
    <ClCompile Include="build\Debug\moc\moc_PluginGauss.cpp">
      <Filter>Generated Files\Debug</Filter>
    </ClCompile>
    <ClCompile Include="build\Release\moc\moc_PluginGauss.cpp">
      <Filter>Generated Files\Release</Filter>
    </ClCompile>
    <ClCompile Include="build\Debug\moc\moc_PluginGaussForm.cpp">
      <Filter>Generated Files\Debug</Filter>
    </ClCompile>
    <ClCompile Include="build\Release\moc\moc_PluginGaussForm.cpp">
      <Filter>Generated Files\Release</Filter>
    </ClCompile>
    <ClCompile Include="build\Debug\moc\moc_PluginGaussRefView.cpp">
      <Filter>Generated Files\Debug</Filter>
    </ClCompile>
    <ClCompile Include="build\Release\moc\moc_PluginGaussRefView.cpp">
      <Filter>Generated Files\Release</Filter>
    </ClCompile>
    <ClCompile Include="build\Debug\moc\moc_PluginGaussSettingsView.cpp">
      <Filter>Generated Files\Debug</Filter>
    </ClCompile>
    <ClCompile Include="build\Release\moc\moc_PluginGaussSettingsView.cpp">
      <Filter>Generated Files\Release</Filter>
    </ClCompile>
    <ClCompile Include="build\Debug\moc\moc_PluginMag.cpp">
      <Filter>Generated Files\Debug</Filter>
    </ClCompile>
    <ClCompile Include="build\Release\moc\moc_PluginMag.cpp">
      <Filter>Generated Files\Release</Filter>
    </ClCompile>
    <ClCompile Include="build\Debug\moc\moc_PluginMagForm.cpp">
      <Filter>Generated Files\Debug</Filter>
    </ClCompile>
    <ClCompile Include="build\Release\moc\moc_PluginMagForm.cpp">
      <Filter>Generated Files\Release</Filter>
    </ClCompile>
    <ClCompile Include="build\Debug\moc\moc_PluginMagRefView.cpp">
      <Filter>Generated Files\Debug</Filter>
    </ClCompile>
    <ClCompile Include="build\Release\moc\moc_PluginMagRefView.cpp">
      <Filter>Generated Files\Release</Filter>
    </ClCompile>
    <ClCompile Include="build\Debug\moc\moc_PluginMagSettingsView.cpp">
      <Filter>Generated Files\Debug</Filter>
    </ClCompile>
    <ClCompile Include="build\Release\moc\moc_PluginMagSettingsView.cpp">
      <Filter>Generated Files\Release</Filter>
    </ClCompile>
    <ClCompile Include="build\Debug\moc\moc_PluginOptionsDialog.cpp">
      <Filter>Generated Files\Debug</Filter>
    </ClCompile>
    <ClCompile Include="build\Release\moc\moc_PluginOptionsDialog.cpp">
      <Filter>Generated Files\Release</Filter>
    </ClCompile>
    <ClCompile Include="build\Debug\moc\moc_PluginRefCurveSettingsView.cpp">
      <Filter>Generated Files\Debug</Filter>
    </ClCompile>
    <ClCompile Include="build\Release\moc\moc_PluginRefCurveSettingsView.cpp">
      <Filter>Generated Files\Release</Filter>
    </ClCompile>
    <ClCompile Include="build\Debug\moc\moc_PluginSettingsViewAbstract.cpp">
      <Filter>Generated Files\Debug</Filter>
    </ClCompile>
    <ClCompile Include="build\Release\moc\moc_PluginSettingsViewAbstract.cpp">
      <Filter>Generated Files\Release</Filter>
    </ClCompile>
    <ClCompile Include="build\Debug\moc\moc_PluginTL.cpp">
      <Filter>Generated Files\Debug</Filter>
    </ClCompile>
    <ClCompile Include="build\Release\moc\moc_PluginTL.cpp">
      <Filter>Generated Files\Release</Filter>
    </ClCompile>
    <ClCompile Include="build\Debug\moc\moc_PluginTLForm.cpp">
      <Filter>Generated Files\Debug</Filter>
    </ClCompile>
    <ClCompile Include="build\Release\moc\moc_PluginTLForm.cpp">
      <Filter>Generated Files\Release</Filter>
    </ClCompile>
    <ClCompile Include="build\Debug\moc\moc_PluginTLRefView.cpp">
      <Filter>Generated Files\Debug</Filter>
    </ClCompile>
    <ClCompile Include="build\Release\moc\moc_PluginTLRefView.cpp">
      <Filter>Generated Files\Release</Filter>
    </ClCompile>
    <ClCompile Include="build\Debug\moc\moc_PluginTLSettingsView.cpp">
      <Filter>Generated Files\Debug</Filter>
    </ClCompile>
    <ClCompile Include="build\Release\moc\moc_PluginTLSettingsView.cpp">
      <Filter>Generated Files\Release</Filter>
    </ClCompile>
    <ClCompile Include="build\Debug\moc\moc_PluginUniform.cpp">
      <Filter>Generated Files\Debug</Filter>
    </ClCompile>
    <ClCompile Include="build\Release\moc\moc_PluginUniform.cpp">
      <Filter>Generated Files\Release</Filter>
    </ClCompile>
    <ClCompile Include="build\Debug\moc\moc_PluginUniformForm.cpp">
      <Filter>Generated Files\Debug</Filter>
    </ClCompile>
    <ClCompile Include="build\Release\moc\moc_PluginUniformForm.cpp">
      <Filter>Generated Files\Release</Filter>
    </ClCompile>
    <ClCompile Include="build\Debug\moc\moc_Project.cpp">
      <Filter>Generated Files\Debug</Filter>
    </ClCompile>
    <ClCompile Include="build\Release\moc\moc_Project.cpp">
      <Filter>Generated Files\Release</Filter>
    </ClCompile>
    <ClCompile Include="build\Debug\moc\moc_ProjectView.cpp">
      <Filter>Generated Files\Debug</Filter>
    </ClCompile>
    <ClCompile Include="build\Release\moc\moc_ProjectView.cpp">
      <Filter>Generated Files\Release</Filter>
    </ClCompile>
    <ClCompile Include="build\Debug\moc\moc_RadioButton.cpp">
      <Filter>Generated Files\Debug</Filter>
    </ClCompile>
    <ClCompile Include="build\Release\moc\moc_RadioButton.cpp">
      <Filter>Generated Files\Release</Filter>
    </ClCompile>
    <ClCompile Include="build\Debug\moc\moc_ResultsView.cpp">
      <Filter>Generated Files\Debug</Filter>
    </ClCompile>
    <ClCompile Include="build\Release\moc\moc_ResultsView.cpp">
      <Filter>Generated Files\Release</Filter>
    </ClCompile>
    <ClCompile Include="build\Debug\moc\moc_Ruler.cpp">
      <Filter>Generated Files\Debug</Filter>
    </ClCompile>
    <ClCompile Include="build\Release\moc\moc_Ruler.cpp">
      <Filter>Generated Files\Release</Filter>
    </ClCompile>
    <ClCompile Include="build\Debug\moc\moc_SceneGlobalView.cpp">
      <Filter>Generated Files\Debug</Filter>
    </ClCompile>
    <ClCompile Include="build\Release\moc\moc_SceneGlobalView.cpp">
      <Filter>Generated Files\Release</Filter>
    </ClCompile>
    <ClCompile Include="build\Debug\moc\moc_ScrollCompressor.cpp">
      <Filter>Generated Files\Debug</Filter>
    </ClCompile>
    <ClCompile Include="build\Release\moc\moc_ScrollCompressor.cpp">
      <Filter>Generated Files\Release</Filter>
    </ClCompile>
    <ClCompile Include="build\Debug\moc\moc_StudyPeriodDialog.cpp">
      <Filter>Generated Files\Debug</Filter>
    </ClCompile>
    <ClCompile Include="build\Release\moc\moc_StudyPeriodDialog.cpp">
      <Filter>Generated Files\Release</Filter>
    </ClCompile>
    <ClCompile Include="build\Debug\moc\moc_Tabs.cpp">
      <Filter>Generated Files\Debug</Filter>
    </ClCompile>
    <ClCompile Include="build\Release\moc\moc_Tabs.cpp">
      <Filter>Generated Files\Release</Filter>
    </ClCompile>
    <ClCompile Include="build\Debug\moc\moc_TrashDialog.cpp">
      <Filter>Generated Files\Debug</Filter>
    </ClCompile>
    <ClCompile Include="build\Release\moc\moc_TrashDialog.cpp">
      <Filter>Generated Files\Release</Filter>
    </ClCompile>
    <ClCompile Include="build\Debug\moc\moc_ZoomControls.cpp">
      <Filter>Generated Files\Debug</Filter>
    </ClCompile>
    <ClCompile Include="build\Release\moc\moc_ZoomControls.cpp">
      <Filter>Generated Files\Release</Filter>
    </ClCompile>
    <ClCompile Include="GeneratedFiles\qrc_Chronomodel.cpp">
      <Filter>Generated Files</Filter>
    </ClCompile>
  </ItemGroup>
  <ItemGroup>
    <CustomBuild Include="src\ui\dialogs\AboutDialog.h">
      <Filter>Header Files</Filter>
    </CustomBuild>
    <ClInclude Include="src\ui\panel_model\scenes\AbstractItem.h">
      <Filter>Header Files</Filter>
    </ClInclude>
    <CustomBuild Include="src\ui\panel_model\scenes\AbstractScene.h">
      <Filter>Header Files</Filter>
    </CustomBuild>
    <ClInclude Include="src\AppSettings.h">
      <Filter>Header Files</Filter>
    </ClInclude>
    <CustomBuild Include="src\ui\dialogs\AppSettingsDialog.h">
      <Filter>Header Files</Filter>
    </CustomBuild>
    <CustomBuild Include="src\ui\dialogs\AppSettingsDialogItemDelegate.h">
      <Filter>Header Files</Filter>
    </CustomBuild>
    <ClInclude Include="src\ui\panel_model\scenes\ArrowItem.h">
      <Filter>Header Files</Filter>
    </ClInclude>
    <ClInclude Include="src\ui\panel_model\scenes\ArrowTmpItem.h">
      <Filter>Header Files</Filter>
    </ClInclude>
    <ClInclude Include="src\ui\graphs\AxisTool.h">
      <Filter>Header Files</Filter>
    </ClInclude>
    <CustomBuild Include="src\ui\widgets\Button.h">
      <Filter>Header Files</Filter>
    </CustomBuild>
    <ClInclude Include="src\plugins\CalibrationCurve.h">
      <Filter>Header Files</Filter>
    </ClInclude>
    <CustomBuild Include="src\ui\panel_model\data\CalibrationDrawing.h">
      <Filter>Header Files</Filter>
    </CustomBuild>
    <CustomBuild Include="src\ui\panel_model\data\CalibrationView.h">
      <Filter>Header Files</Filter>
    </CustomBuild>
    <CustomBuild Include="src\ui\widgets\CheckBox.h">
      <Filter>Header Files</Filter>
    </CustomBuild>
    <ClInclude Include="src\ChronoApp.h">
      <Filter>Header Files</Filter>
    </ClInclude>
    <CustomBuild Include="src\ui\widgets\Collapsible.h">
      <Filter>Header Files</Filter>
    </CustomBuild>
    <CustomBuild Include="src\ui\widgets\ColorPicker.h">
      <Filter>Header Files</Filter>
    </CustomBuild>
    <ClInclude Include="src\model\Constraint.h">
      <Filter>Header Files</Filter>
    </ClInclude>
    <CustomBuild Include="src\ui\dialogs\ConstraintDialog.h">
      <Filter>Header Files</Filter>
    </CustomBuild>
    <ClInclude Include="src\model\Date.h">
      <Filter>Header Files</Filter>
    </ClInclude>
    <CustomBuild Include="src\ui\dialogs\DateDialog.h">
      <Filter>Header Files</Filter>
    </CustomBuild>
    <CustomBuild Include="src\ui\panel_model\scenes\DateItem.h">
      <Filter>Header Files</Filter>
    </CustomBuild>
    <ClInclude Include="src\utilities\DateUtils.h">
      <Filter>Header Files</Filter>
    </ClInclude>
    <CustomBuild Include="src\ui\panel_model\data\DatesList.h">
      <Filter>Header Files</Filter>
    </CustomBuild>
    <CustomBuild Include="src\ui\panel_model\data\DatesListItemDelegate.h">
      <Filter>Header Files</Filter>
    </CustomBuild>
    <ClInclude Include="src\utilities\DoubleValidator.h">
      <Filter>Header Files</Filter>
    </ClInclude>
    <ClInclude Include="src\model\Event.h">
      <Filter>Header Files</Filter>
    </ClInclude>
    <ClInclude Include="src\model\EventConstraint.h">
      <Filter>Header Files</Filter>
    </ClInclude>
    <CustomBuild Include="src\ui\dialogs\EventDialog.h">
      <Filter>Header Files</Filter>
    </CustomBuild>
    <ClInclude Include="src\ui\panel_model\scenes\EventItem.h">
      <Filter>Header Files</Filter>
    </ClInclude>
    <ClInclude Include="src\model\EventKnown.h">
      <Filter>Header Files</Filter>
    </ClInclude>
    <ClInclude Include="src\ui\panel_model\scenes\EventKnownItem.h">
      <Filter>Header Files</Filter>
    </ClInclude>
    <CustomBuild Include="src\ui\panel_model\EventPropertiesView.h">
      <Filter>Header Files</Filter>
    </CustomBuild>
    <CustomBuild Include="src\ui\panel_model\EventsListItemDelegate.h">
      <Filter>Header Files</Filter>
    </CustomBuild>
    <CustomBuild Include="src\ui\panel_model\scenes\EventsScene.h">
      <Filter>Header Files</Filter>
    </CustomBuild>
    <ClInclude Include="src\mcmc\Functions.h">
      <Filter>Header Files</Filter>
    </ClInclude>
    <ClInclude Include="src\mcmc\Generator.h">
      <Filter>Header Files</Filter>
    </ClInclude>
    <ClInclude Include="src\ui\graphs\GraphCurve.h">
      <Filter>Header Files</Filter>
    </ClInclude>
    <CustomBuild Include="src\ui\graphs\GraphView.h">
      <Filter>Header Files</Filter>
    </CustomBuild>
    <ClInclude Include="src\ui\graphs\GraphViewAbstract.h">
      <Filter>Header Files</Filter>
    </ClInclude>
    <CustomBuild Include="src\ui\panel_results\GraphViewDate.h">
      <Filter>Header Files</Filter>
    </CustomBuild>
    <CustomBuild Include="src\ui\panel_results\GraphViewEvent.h">
      <Filter>Header Files</Filter>
    </CustomBuild>
    <CustomBuild Include="src\ui\panel_results\GraphViewPhase.h">
      <Filter>Header Files</Filter>
    </CustomBuild>
    <CustomBuild Include="src\plugins\GraphViewRefAbstract.h">
      <Filter>Header Files</Filter>
    </CustomBuild>
    <CustomBuild Include="src\ui\panel_results\GraphViewResults.h">
      <Filter>Header Files</Filter>
    </CustomBuild>
    <ClInclude Include="src\ui\graphs\GraphZone.h">
      <Filter>Header Files</Filter>
    </ClInclude>
    <CustomBuild Include="src\ui\widgets\GroupBox.h">
      <Filter>Header Files</Filter>
    </CustomBuild>
    <CustomBuild Include="src\ui\widgets\HelpWidget.h">
      <Filter>Header Files</Filter>
    </CustomBuild>
    <CustomBuild Include="src\ui\panel_model\ImportDataView.h">
      <Filter>Header Files</Filter>
    </CustomBuild>
    <CustomBuild Include="src\ui\widgets\Label.h">
      <Filter>Header Files</Filter>
    </CustomBuild>
    <CustomBuild Include="src\ui\widgets\LineEdit.h">
      <Filter>Header Files</Filter>
    </CustomBuild>
    <CustomBuild Include="src\mcmc\MCMCLoop.h">
      <Filter>Header Files</Filter>
    </CustomBuild>
    <CustomBuild Include="src\mcmc\MCMCLoopMain.h">
      <Filter>Header Files</Filter>
    </CustomBuild>
    <CustomBuild Include="src\ui\dialogs\MCMCProgressDialog.h">
      <Filter>Header Files</Filter>
    </CustomBuild>
    <ClInclude Include="src\mcmc\MCMCSettings.h">
      <Filter>Header Files</Filter>
    </ClInclude>
    <CustomBuild Include="src\ui\dialogs\MCMCSettingsDialog.h">
      <Filter>Header Files</Filter>
    </CustomBuild>
    <ClInclude Include="src\mcmc\MHVariable.h">
      <Filter>Header Files</Filter>
    </ClInclude>
    <ClInclude Include="src\MainController.h">
      <Filter>Header Files</Filter>
    </ClInclude>
    <CustomBuild Include="src\ui\window\MainWindow.h">
      <Filter>Header Files</Filter>
    </CustomBuild>
    <CustomBuild Include="src\ui\widgets\Marker.h">
      <Filter>Header Files</Filter>
    </CustomBuild>
    <CustomBuild Include="src\mcmc\MetropolisVariable.h">
      <Filter>Header Files</Filter>
    </CustomBuild>
    <CustomBuild Include="src\model\Model.h">
      <Filter>Header Files</Filter>
    </CustomBuild>
    <ClInclude Include="src\model\ModelUtilities.h">
      <Filter>Header Files</Filter>
    </ClInclude>
    <CustomBuild Include="src\ui\panel_model\ModelView.h">
      <Filter>Header Files</Filter>
    </CustomBuild>
    <ClInclude Include="src\ui\lookandfeel\Painting.h">
      <Filter>Header Files</Filter>
    </ClInclude>
    <ClInclude Include="src\model\Phase.h">
      <Filter>Header Files</Filter>
    </ClInclude>
    <ClInclude Include="src\model\PhaseConstraint.h">
      <Filter>Header Files</Filter>
    </ClInclude>
    <CustomBuild Include="src\ui\dialogs\PhaseDialog.h">
      <Filter>Header Files</Filter>
    </CustomBuild>
    <CustomBuild Include="src\ui\panel_model\scenes\PhaseItem.h">
      <Filter>Header Files</Filter>
    </CustomBuild>
    <CustomBuild Include="src\ui\panel_model\scenes\PhasesScene.h">
      <Filter>Header Files</Filter>
    </CustomBuild>
    <CustomBuild Include="src\plugins\plugin_14C\Plugin14C.h">
      <Filter>Header Files</Filter>
    </CustomBuild>
    <CustomBuild Include="src\plugins\plugin_14C\Plugin14CForm.h">
      <Filter>Header Files</Filter>
    </CustomBuild>
    <CustomBuild Include="src\plugins\plugin_14C\Plugin14CRefView.h">
      <Filter>Header Files</Filter>
    </CustomBuild>
    <CustomBuild Include="src\plugins\plugin_14C\Plugin14CSettingsView.h">
      <Filter>Header Files</Filter>
    </CustomBuild>
    <CustomBuild Include="src\plugins\PluginAbstract.h">
      <Filter>Header Files</Filter>
    </CustomBuild>
    <CustomBuild Include="src\plugins\PluginFormAbstract.h">
      <Filter>Header Files</Filter>
    </CustomBuild>
    <CustomBuild Include="src\plugins\plugin_gauss\PluginGauss.h">
      <Filter>Header Files</Filter>
    </CustomBuild>
    <CustomBuild Include="src\plugins\plugin_gauss\PluginGaussForm.h">
      <Filter>Header Files</Filter>
    </CustomBuild>
    <CustomBuild Include="src\plugins\plugin_gauss\PluginGaussRefView.h">
      <Filter>Header Files</Filter>
    </CustomBuild>
    <CustomBuild Include="src\plugins\plugin_gauss\PluginGaussSettingsView.h">
      <Filter>Header Files</Filter>
    </CustomBuild>
    <CustomBuild Include="src\plugins\plugin_am\PluginMag.h">
      <Filter>Header Files</Filter>
    </CustomBuild>
    <CustomBuild Include="src\plugins\plugin_am\PluginMagForm.h">
      <Filter>Header Files</Filter>
    </CustomBuild>
    <CustomBuild Include="src\plugins\plugin_am\PluginMagRefView.h">
      <Filter>Header Files</Filter>
    </CustomBuild>
    <CustomBuild Include="src\plugins\plugin_am\PluginMagSettingsView.h">
      <Filter>Header Files</Filter>
    </CustomBuild>
    <ClInclude Include="src\project\PluginManager.h">
      <Filter>Header Files</Filter>
    </ClInclude>
    <CustomBuild Include="src\ui\dialogs\PluginOptionsDialog.h">
      <Filter>Header Files</Filter>
    </CustomBuild>
    <CustomBuild Include="src\plugins\PluginRefCurveSettingsView.h">
      <Filter>Header Files</Filter>
    </CustomBuild>
    <CustomBuild Include="src\plugins\PluginSettingsViewAbstract.h">
      <Filter>Header Files</Filter>
    </CustomBuild>
    <CustomBuild Include="src\plugins\plugin_tl\PluginTL.h">
      <Filter>Header Files</Filter>
    </CustomBuild>
    <CustomBuild Include="src\plugins\plugin_tl\PluginTLForm.h">
      <Filter>Header Files</Filter>
    </CustomBuild>
    <CustomBuild Include="src\plugins\plugin_tl\PluginTLRefView.h">
      <Filter>Header Files</Filter>
    </CustomBuild>
    <CustomBuild Include="src\plugins\plugin_tl\PluginTLSettingsView.h">
      <Filter>Header Files</Filter>
    </CustomBuild>
    <CustomBuild Include="src\plugins\plugin_uniform\PluginUniform.h">
      <Filter>Header Files</Filter>
    </CustomBuild>
    <CustomBuild Include="src\plugins\plugin_uniform\PluginUniformForm.h">
      <Filter>Header Files</Filter>
    </CustomBuild>
    <CustomBuild Include="src\project\Project.h">
      <Filter>Header Files</Filter>
    </CustomBuild>
    <ClInclude Include="src\project\ProjectSettings.h">
      <Filter>Header Files</Filter>
    </ClInclude>
    <CustomBuild Include="src\ui\window\ProjectView.h">
      <Filter>Header Files</Filter>
    </CustomBuild>
    <ClInclude Include="src\utilities\QtUtilities.h">
      <Filter>Header Files</Filter>
    </ClInclude>
    <CustomBuild Include="src\ui\widgets\RadioButton.h">
      <Filter>Header Files</Filter>
    </CustomBuild>
    <ClInclude Include="src\plugins\RefCurve.h">
      <Filter>Header Files</Filter>
    </ClInclude>
    <CustomBuild Include="src\ui\panel_results\ResultsView.h">
      <Filter>Header Files</Filter>
    </CustomBuild>
    <CustomBuild Include="src\ui\graphs\Ruler.h">
      <Filter>Header Files</Filter>
    </CustomBuild>
    <CustomBuild Include="src\ui\panel_model\SceneGlobalView.h">
      <Filter>Header Files</Filter>
    </CustomBuild>
    <CustomBuild Include="src\ui\widgets\ScrollCompressor.h">
      <Filter>Header Files</Filter>
    </CustomBuild>
    <ClInclude Include="src\project\SetProjectState.h">
      <Filter>Header Files</Filter>
    </ClInclude>
    <ClInclude Include="src\utilities\Singleton.h">
      <Filter>Header Files</Filter>
    </ClInclude>
    <ClInclude Include="src\project\StateEvent.h">
      <Filter>Header Files</Filter>
    </ClInclude>
    <ClInclude Include="src\StateKeys.h">
      <Filter>Header Files</Filter>
    </ClInclude>
    <ClInclude Include="src\utilities\StdUtilities.h">
      <Filter>Header Files</Filter>
    </ClInclude>
    <CustomBuild Include="src\ui\dialogs\StudyPeriodDialog.h">
      <Filter>Header Files</Filter>
    </CustomBuild>
    <CustomBuild Include="src\ui\widgets\Tabs.h">
      <Filter>Header Files</Filter>
    </CustomBuild>
    <CustomBuild Include="src\ui\dialogs\TrashDialog.h">
      <Filter>Header Files</Filter>
    </CustomBuild>
    <CustomBuild Include="src\ui\widgets\ZoomControls.h">
      <Filter>Header Files</Filter>
    </CustomBuild>
  </ItemGroup>
  <ItemGroup>
    <None Include="translations\Chronomodel_en.ts">
      <Filter>Translation Files</Filter>
    </None>
    <None Include="translations\Chronomodel_fr.ts">
      <Filter>Translation Files</Filter>
    </None>
  </ItemGroup>
  <ItemGroup>
    <None Include="resources\14C.png">
      <Filter>Resource Files</Filter>
    </None>
    <None Include="resources\14C_w.png">
      <Filter>Resource Files</Filter>
    </None>
    <None Include="resources\AM.png">
      <Filter>Resource Files</Filter>
    </None>
    <None Include="resources\AM_w.png">
      <Filter>Resource Files</Filter>
    </None>
    <CustomBuild Include="Chronomodel.qrc">
      <Filter>Resource Files</Filter>
    </CustomBuild>
    <None Include="translations\Chronomodel_en.qm">
      <Filter>Resource Files</Filter>
    </None>
    <None Include="translations\Chronomodel_fr.qm">
      <Filter>Resource Files</Filter>
    </None>
    <None Include="resources\TL.png">
      <Filter>Resource Files</Filter>
    </None>
    <None Include="resources\TL_w.png">
      <Filter>Resource Files</Filter>
    </None>
    <None Include="resources\bound.png">
      <Filter>Resource Files</Filter>
    </None>
    <None Include="resources\bound_w.png">
      <Filter>Resource Files</Filter>
    </None>
    <None Include="resources\chronomodel.png">
      <Filter>Resource Files</Filter>
    </None>
    <None Include="resources\csv.png">
      <Filter>Resource Files</Filter>
    </None>
    <None Include="resources\csv_import.png">
      <Filter>Resource Files</Filter>
    </None>
    <None Include="resources\data.png">
      <Filter>Resource Files</Filter>
    </None>
    <None Include="resources\delete.png">
      <Filter>Resource Files</Filter>
    </None>
    <None Include="resources\delete_w.png">
      <Filter>Resource Files</Filter>
    </None>
    <None Include="resources\e_w.png">
      <Filter>Resource Files</Filter>
    </None>
    <None Include="resources\edit.png">
      <Filter>Resource Files</Filter>
    </None>
    <None Include="resources\export.png">
      <Filter>Resource Files</Filter>
    </None>
    <None Include="resources\export_w.png">
      <Filter>Resource Files</Filter>
    </None>
    <None Include="resources\extract_event.png">
      <Filter>Resource Files</Filter>
    </None>
    <None Include="resources\eye.png">
      <Filter>Resource Files</Filter>
    </None>
    <None Include="resources\eye_w.png">
      <Filter>Resource Files</Filter>
    </None>
    <None Include="resources\from_csv.png">
      <Filter>Resource Files</Filter>
    </None>
    <None Include="resources\gauss.png">
      <Filter>Resource Files</Filter>
    </None>
    <None Include="resources\gauss_w.png">
      <Filter>Resource Files</Filter>
    </None>
    <None Include="resources\grid.png">
      <Filter>Resource Files</Filter>
    </None>
    <None Include="resources\grid2.png">
      <Filter>Resource Files</Filter>
    </None>
    <None Include="resources\help.png">
      <Filter>Resource Files</Filter>
    </None>
    <None Include="resources\help_p.png">
      <Filter>Resource Files</Filter>
    </None>
    <None Include="resources\import.png">
      <Filter>Resource Files</Filter>
    </None>
    <None Include="resources\import_w.png">
      <Filter>Resource Files</Filter>
    </None>
    <None Include="resources\insert_event.png">
      <Filter>Resource Files</Filter>
    </None>
    <None Include="resources\log.png">
      <Filter>Resource Files</Filter>
    </None>
    <None Include="resources\log_p.png">
      <Filter>Resource Files</Filter>
    </None>
    <None Include="resources\model.png">
      <Filter>Resource Files</Filter>
    </None>
    <None Include="resources\model_p.png">
      <Filter>Resource Files</Filter>
    </None>
    <None Include="resources\model_w.png">
      <Filter>Resource Files</Filter>
    </None>
    <None Include="resources\new.png">
      <Filter>Resource Files</Filter>
    </None>
    <None Include="resources\new_bound.png">
      <Filter>Resource Files</Filter>
    </None>
    <None Include="resources\new_event.png">
      <Filter>Resource Files</Filter>
    </None>
    <None Include="resources\new_p.png">
      <Filter>Resource Files</Filter>
    </None>
    <None Include="resources\new_w.png">
      <Filter>Resource Files</Filter>
    </None>
    <None Include="resources\open.png">
      <Filter>Resource Files</Filter>
    </None>
    <None Include="resources\open_p.png">
      <Filter>Resource Files</Filter>
    </None>
    <None Include="resources\pdf.png">
      <Filter>Resource Files</Filter>
    </None>
    <None Include="resources\pdf_p.png">
      <Filter>Resource Files</Filter>
    </None>
    <None Include="resources\picture_copy.png">
      <Filter>Resource Files</Filter>
    </None>
    <None Include="resources\picture_save.png">
      <Filter>Resource Files</Filter>
    </None>
    <None Include="resources\recycle.png">
      <Filter>Resource Files</Filter>
    </None>
    <None Include="resources\recycle_w.png">
      <Filter>Resource Files</Filter>
    </None>
    <None Include="resources\redo.png">
      <Filter>Resource Files</Filter>
    </None>
    <None Include="resources\redo_p.png">
      <Filter>Resource Files</Filter>
    </None>
    <None Include="resources\restore.png">
      <Filter>Resource Files</Filter>
    </None>
    <None Include="resources\results.png">
      <Filter>Resource Files</Filter>
    </None>
    <None Include="resources\results_p.png">
      <Filter>Resource Files</Filter>
    </None>
    <None Include="resources\results_w.png">
      <Filter>Resource Files</Filter>
    </None>
    <None Include="resources\run.png">
      <Filter>Resource Files</Filter>
    </None>
    <None Include="resources\run_p.png">
      <Filter>Resource Files</Filter>
    </None>
    <None Include="resources\save.png">
      <Filter>Resource Files</Filter>
    </None>
    <None Include="resources\save_p.png">
      <Filter>Resource Files</Filter>
    </None>
    <None Include="resources\settings.png">
      <Filter>Resource Files</Filter>
    </None>
    <None Include="resources\settings_p.png">
      <Filter>Resource Files</Filter>
    </None>
    <None Include="resources\settings_w.png">
      <Filter>Resource Files</Filter>
    </None>
    <None Include="resources\stats.png">
      <Filter>Resource Files</Filter>
    </None>
    <None Include="resources\stats_w.png">
      <Filter>Resource Files</Filter>
    </None>
    <None Include="resources\text.png">
      <Filter>Resource Files</Filter>
    </None>
    <None Include="resources\topng.png">
      <Filter>Resource Files</Filter>
    </None>
    <None Include="resources\tosvg.png">
      <Filter>Resource Files</Filter>
    </None>
    <None Include="resources\trash.png">
      <Filter>Resource Files</Filter>
    </None>
    <None Include="resources\trash_w.png">
      <Filter>Resource Files</Filter>
    </None>
    <None Include="resources\undo.png">
      <Filter>Resource Files</Filter>
    </None>
    <None Include="resources\undo_p.png">
      <Filter>Resource Files</Filter>
    </None>
    <None Include="resources\unfold.png">
      <Filter>Resource Files</Filter>
    </None>
    <None Include="resources\uniform.png">
      <Filter>Resource Files</Filter>
    </None>
    <None Include="resources\uniform_w.png">
      <Filter>Resource Files</Filter>
    </None>
    <None Include="resources\web.png">
      <Filter>Resource Files</Filter>
    </None>
    <None Include="resources\web_p.png">
      <Filter>Resource Files</Filter>
    </None>
    <None Include="resources\zoom_default.png">
      <Filter>Resource Files</Filter>
    </None>
    <None Include="resources\zoom_minus.png">
      <Filter>Resource Files</Filter>
    </None>
    <None Include="resources\zoom_plus.png">
      <Filter>Resource Files</Filter>
    </None>
  </ItemGroup>
  <ItemGroup>
    <ResourceCompile Include="Chronomodel.rc" />
  </ItemGroup>
</Project>